
Microsoft Visual Studio Solution File, Format Version 12.00
# Visual Studio Version 16
VisualStudioVersion = 16.0.29806.167
MinimumVisualStudioVersion = 10.0.40219.1
Project("{FAE04EC0-301F-11D3-BF4B-00C04F79EFBC}") = "Proyecto_Tecnologias", "Proyecto_Tecnologias\Proyecto_Tecnologias.csproj", "{BC733A8A-C82A-496D-9D52-8993DE6EE94A}"
EndProject
Global
	GlobalSection(SolutionConfigurationPlatforms) = preSolution
		Debug|Any CPU = Debug|Any CPU
		Release|Any CPU = Release|Any CPU
	EndGlobalSection
	GlobalSection(ProjectConfigurationPlatforms) = postSolution
		{BC733A8A-C82A-496D-9D52-8993DE6EE94A}.Debug|Any CPU.ActiveCfg = Debug|Any CPU
		{BC733A8A-C82A-496D-9D52-8993DE6EE94A}.Debug|Any CPU.Build.0 = Debug|Any CPU
		{BC733A8A-C82A-496D-9D52-8993DE6EE94A}.Release|Any CPU.ActiveCfg = Release|Any CPU
		{BC733A8A-C82A-496D-9D52-8993DE6EE94A}.Release|Any CPU.Build.0 = Release|Any CPU
	EndGlobalSection
	GlobalSection(SolutionProperties) = preSolution
		HideSolutionNode = FALSE
	EndGlobalSection
	GlobalSection(ExtensibilityGlobals) = postSolution
		SolutionGuid = {E9479E72-2CB6-4C7B-9FEE-8CEF7A1A32CF}
	EndGlobalSection
EndGlobal
